{
  "nodes": {
    "nixpkgs": {
      "locked": {
        "lastModified": 1720594544,
        "narHash": "sha256-w6dlBUQYvS65f0Z33TvkcAj7ITr4NFqhF5ywss5T5bU=",
        "owner": "NixOS",
        "repo": "nixpkgs",
        "rev": "aa9461550594533c29866d42f861b6ff079a7fb6",
        "type": "github"
      },
      "original": {
        "owner": "NixOS",
        "ref": "nixpkgs-unstable",
        "repo": "nixpkgs",
        "type": "github"
      }
    },
    "nixpkgs_2": {
      "locked": {
        "lastModified": 1718428119,
        "narHash": "sha256-WdWDpNaq6u1IPtxtYHHWpl5BmabtpmLnMAx0RdJ/vo8=",
        "owner": "NixOS",
        "repo": "nixpkgs",
        "rev": "e6cea36f83499eb4e9cd184c8a8e823296b50ad5",
        "type": "github"
      },
      "original": {
        "owner": "NixOS",
        "ref": "nixpkgs-unstable",
        "repo": "nixpkgs",
        "type": "github"
      }
    },
    "root": {
      "inputs": {
        "nixpkgs": "nixpkgs",
        "rust-overlay": "rust-overlay"
      }
    },
    "rust-overlay": {
      "inputs": {
        "nixpkgs": "nixpkgs_2"
      },
      "locked": {
        "lastModified": 1720577957,
        "narHash": "sha256-RZuzLdB/8FaXaSzEoWLg3au/mtbuH7MGn2LmXUKT62g=",
        "owner": "oxalica",
        "repo": "rust-overlay",
        "rev": "a434177dfcc53bf8f1f348a3c39bfb336d760286",
        "type": "github"
      },
      "original": {
        "owner": "oxalica",
        "repo": "rust-overlay",
        "type": "github"
      }
    }
  },
  "root": "root",
  "version": 7
}
